
Microsoft Visual Studio Solution File, Format Version 12.00
# Visual Studio Version 17
VisualStudioVersion = 17.4.33205.214
MinimumVisualStudioVersion = 10.0.40219.1
Project("{9A19103F-16F7-4668-BE54-9A1E7A4F7556}") = "TestTask", "TestTask\TestTask.csproj", "{68629D74-82D4-482C-9E30-11265CFC56B0}"
EndProject
Project("{9A19103F-16F7-4668-BE54-9A1E7A4F7556}") = "TestTaskData", "TestTaskData\TestTaskData.csproj", "{C335737B-55A1-4C3B-8A8B-58E1B31F76C0}"
EndProject
Global
	GlobalSection(SolutionConfigurationPlatforms) = preSolution
		Debug|Any CPU = Debug|Any CPU
		Release|Any CPU = Release|Any CPU
	EndGlobalSection
	GlobalSection(ProjectConfigurationPlatforms) = postSolution
		{68629D74-82D4-482C-9E30-11265CFC56B0}.Debug|Any CPU.ActiveCfg = Debug|Any CPU
		{68629D74-82D4-482C-9E30-11265CFC56B0}.Debug|Any CPU.Build.0 = Debug|Any CPU
		{68629D74-82D4-482C-9E30-11265CFC56B0}.Release|Any CPU.ActiveCfg = Release|Any CPU
		{68629D74-82D4-482C-9E30-11265CFC56B0}.Release|Any CPU.Build.0 = Release|Any CPU
		{C335737B-55A1-4C3B-8A8B-58E1B31F76C0}.Debug|Any CPU.ActiveCfg = Debug|Any CPU
		{C335737B-55A1-4C3B-8A8B-58E1B31F76C0}.Debug|Any CPU.Build.0 = Debug|Any CPU
		{C335737B-55A1-4C3B-8A8B-58E1B31F76C0}.Release|Any CPU.ActiveCfg = Release|Any CPU
		{C335737B-55A1-4C3B-8A8B-58E1B31F76C0}.Release|Any CPU.Build.0 = Release|Any CPU
	EndGlobalSection
	GlobalSection(SolutionProperties) = preSolution
		HideSolutionNode = FALSE
	EndGlobalSection
	GlobalSection(ExtensibilityGlobals) = postSolution
		SolutionGuid = {2DBE6FC0-9AD6-4B4A-B6A1-72C4631E4E9C}
	EndGlobalSection
EndGlobal
